
Microsoft Visual Studio Solution File, Format Version 12.00
# Visual Studio Version 17
VisualStudioVersion = 17.2.32616.157
MinimumVisualStudioVersion = 10.0.40219.1
Project("{FAE04EC0-301F-11D3-BF4B-00C04F79EFBC}") = "WinFormsApp1", "WinFormsApp1\WinFormsApp1.csproj", "{4EBAC741-F7D4-4DA0-B152-5F861CCD9F28}"
EndProject
Global
	GlobalSection(SolutionConfigurationPlatforms) = preSolution
		Debug|Any CPU = Debug|Any CPU
		Release|Any CPU = Release|Any CPU
	EndGlobalSection
	GlobalSection(ProjectConfigurationPlatforms) = postSolution
		{4EBAC741-F7D4-4DA0-B152-5F861CCD9F28}.Debug|Any CPU.ActiveCfg = Debug|Any CPU
		{4EBAC741-F7D4-4DA0-B152-5F861CCD9F28}.Debug|Any CPU.Build.0 = Debug|Any CPU
		{4EBAC741-F7D4-4DA0-B152-5F861CCD9F28}.Release|Any CPU.ActiveCfg = Release|Any CPU
		{4EBAC741-F7D4-4DA0-B152-5F861CCD9F28}.Release|Any CPU.Build.0 = Release|Any CPU
	EndGlobalSection
	GlobalSection(SolutionProperties) = preSolution
		HideSolutionNode = FALSE
	EndGlobalSection
	GlobalSection(ExtensibilityGlobals) = postSolution
		SolutionGuid = {582EE0AF-F9B5-4169-82E5-F139ABECD0FC}
	EndGlobalSection
EndGlobal
